
Microsoft Visual Studio Solution File, Format Version 11.00
# Visual Studio 2010
Project("{FAE04EC0-301F-11D3-BF4B-00C04F79EFBC}") = "Assembly-CSharp", "Assembly-CSharp.csproj", "{38EB8B1A-8C3A-DB31-DD6B-C6708EBE7249}"
EndProject
Project("{FAE04EC0-301F-11D3-BF4B-00C04F79EFBC}") = "Assembly-CSharp-Editor", "Assembly-CSharp-Editor.csproj", "{0142265F-65D9-6926-1819-CC7A3A7F9A77}"
EndProject
Global
	GlobalSection(SolutionConfigurationPlatforms) = preSolution
		Debug|Any CPU = Debug|Any CPU
		Release|Any CPU = Release|Any CPU
	EndGlobalSection
	GlobalSection(ProjectConfigurationPlatforms) = postSolution
		{38EB8B1A-8C3A-DB31-DD6B-C6708EBE7249}.Debug|Any CPU.ActiveCfg = Debug|Any CPU
		{38EB8B1A-8C3A-DB31-DD6B-C6708EBE7249}.Debug|Any CPU.Build.0 = Debug|Any CPU
		{38EB8B1A-8C3A-DB31-DD6B-C6708EBE7249}.Release|Any CPU.ActiveCfg = Release|Any CPU
		{38EB8B1A-8C3A-DB31-DD6B-C6708EBE7249}.Release|Any CPU.Build.0 = Release|Any CPU
		{0142265F-65D9-6926-1819-CC7A3A7F9A77}.Debug|Any CPU.ActiveCfg = Debug|Any CPU
		{0142265F-65D9-6926-1819-CC7A3A7F9A77}.Debug|Any CPU.Build.0 = Debug|Any CPU
		{0142265F-65D9-6926-1819-CC7A3A7F9A77}.Release|Any CPU.ActiveCfg = Release|Any CPU
		{0142265F-65D9-6926-1819-CC7A3A7F9A77}.Release|Any CPU.Build.0 = Release|Any CPU
	EndGlobalSection
	GlobalSection(SolutionProperties) = preSolution
		HideSolutionNode = FALSE
	EndGlobalSection
	GlobalSection(MonoDevelopProperties) = preSolution
		StartupItem = Assembly-CSharp.csproj
	EndGlobalSection
EndGlobal
